// !$*UTF8*$!
{
	archiveVersion = 1;
	classes = {
	};
	objectVersion = 50;
	objects = {

/* Begin PBXBuildFile section */
		902287FF23E8DF840025FE0B /* AppDelegate.swift in Sources */ = {isa = PBXBuildFile; fileRef = 902287FE23E8DF840025FE0B /* AppDelegate.swift */; };
		9022880123E8DF840025FE0B /* SceneDelegate.swift in Sources */ = {isa = PBXBuildFile; fileRef = 9022880023E8DF840025FE0B /* SceneDelegate.swift */; };
		9022880323E8DF840025FE0B /* ViewController.swift in Sources */ = {isa = PBXBuildFile; fileRef = 9022880223E8DF840025FE0B /* ViewController.swift */; };
		9022880623E8DF840025FE0B /* Main.storyboard in Resources */ = {isa = PBXBuildFile; fileRef = 9022880423E8DF840025FE0B /* Main.storyboard */; };
		9022880823E8DF850025FE0B /* Assets.xcassets in Resources */ = {isa = PBXBuildFile; fileRef = 9022880723E8DF850025FE0B /* Assets.xcassets */; };
		9022880B23E8DF850025FE0B /* LaunchScreen.storyboard in Resources */ = {isa = PBXBuildFile; fileRef = 9022880923E8DF850025FE0B /* LaunchScreen.storyboard */; };
		9022881623E8DF850025FE0B /* TwitterTests.swift in Sources */ = {isa = PBXBuildFile; fileRef = 9022881523E8DF850025FE0B /* TwitterTests.swift */; };
		9022882123E8DF850025FE0B /* TwitterUITests.swift in Sources */ = {isa = PBXBuildFile; fileRef = 9022882023E8DF850025FE0B /* TwitterUITests.swift */; };
/* End PBXBuildFile section */

/* Begin PBXContainerItemProxy section */
		9022881223E8DF850025FE0B /* PBXContainerItemProxy */ = {
			isa = PBXContainerItemProxy;
			containerPortal = 902287F323E8DF840025FE0B /* Project object */;
			proxyType = 1;
			remoteGlobalIDString = 902287FA23E8DF840025FE0B;
			remoteInfo = Twitter;
		};
		9022881D23E8DF850025FE0B /* PBXContainerItemProxy */ = {
			isa = PBXContainerItemProxy;
			containerPortal = 902287F323E8DF840025FE0B /* Project object */;
			proxyType = 1;
			remoteGlobalIDString = 902287FA23E8DF840025FE0B;
			remoteInfo = Twitter;
		};
/* End PBXContainerItemProxy section */

/* Begin PBXFileReference section */
		902287FB23E8DF840025FE0B /* Twitter.app */ = {isa = PBXFileReference; explicitFileType = wrapper.application; includeInIndex = 0; path = Twitter.app; sourceTree = BUILT_PRODUCTS_DIR; };
		902287FE23E8DF840025FE0B /* AppDelegate.swift */ = {isa = PBXFileReference; lastKnownFileType = sourcecode.swift; path = AppDelegate.swift; sourceTree = "<group>"; };
		9022880023E8DF840025FE0B /* SceneDelegate.swift */ = {isa = PBXFileReference; lastKnownFileType = sourcecode.swift; path = SceneDelegate.swift; sourceTree = "<group>"; };
		9022880223E8DF840025FE0B /* ViewController.swift */ = {isa = PBXFileReference; lastKnownFileType = sourcecode.swift; path = ViewController.swift; sourceTree = "<group>"; };
		9022880523E8DF840025FE0B /* Base */ = {isa = PBXFileReference; lastKnownFileType = file.storyboard; name = Base; path = Base.lproj/Main.storyboard; sourceTree = "<group>"; };
		9022880723E8DF850025FE0B /* Assets.xcassets */ = {isa = PBXFileReference; lastKnownFileType = folder.assetcatalog; path = Assets.xcassets; sourceTree = "<group>"; };
		9022880A23E8DF850025FE0B /* Base */ = {isa = PBXFileReference; lastKnownFileType = file.storyboard; name = Base; path = Base.lproj/LaunchScreen.storyboard; sourceTree = "<group>"; };
		9022880C23E8DF850025FE0B /* Info.plist */ = {isa = PBXFileReference; lastKnownFileType = text.plist.xml; path = Info.plist; sourceTree = "<group>"; };
		9022881123E8DF850025FE0B /* TwitterTests.xctest */ = {isa = PBXFileReference; explicitFileType = wrapper.cfbundle; includeInIndex = 0; path = TwitterTests.xctest; sourceTree = BUILT_PRODUCTS_DIR; };
		9022881523E8DF850025FE0B /* TwitterTests.swift */ = {isa = PBXFileReference; lastKnownFileType = sourcecode.swift; path = TwitterTests.swift; sourceTree = "<group>"; };
		9022881723E8DF850025FE0B /* Info.plist */ = {isa = PBXFileReference; lastKnownFileType = text.plist.xml; path = Info.plist; sourceTree = "<group>"; };
		9022881C23E8DF850025FE0B /* TwitterUITests.xctest */ = {isa = PBXFileReference; explicitFileType = wrapper.cfbundle; includeInIndex = 0; path = TwitterUITests.xctest; sourceTree = BUILT_PRODUCTS_DIR; };
		9022882023E8DF850025FE0B /* TwitterUITests.swift */ = {isa = PBXFileReference; lastKnownFileType = sourcecode.swift; path = TwitterUITests.swift; sourceTree = "<group>"; };
		9022882223E8DF850025FE0B /* Info.plist */ = {isa = PBXFileReference; lastKnownFileType = text.plist.xml; path = Info.plist; sourceTree = "<group>"; };
/* End PBXFileReference section */

/* Begin PBXFrameworksBuildPhase section */
		902287F823E8DF840025FE0B /* Frameworks */ = {
			isa = PBXFrameworksBuildPhase;
			buildActionMask = 2147483647;
			files = (
			);
			runOnlyForDeploymentPostprocessing = 0;
		};
		9022880E23E8DF850025FE0B /* Frameworks */ = {
			isa = PBXFrameworksBuildPhase;
			buildActionMask = 2147483647;
			files = (
			);
			runOnlyForDeploymentPostprocessing = 0;
		};
		9022881923E8DF850025FE0B /* Frameworks */ = {
			isa = PBXFrameworksBuildPhase;
			buildActionMask = 2147483647;
			files = (
			);
			runOnlyForDeploymentPostprocessing = 0;
		};
/* End PBXFrameworksBuildPhase section */

/* Begin PBXGroup section */
		902287F223E8DF840025FE0B = {
			isa = PBXGroup;
			children = (
				902287FD23E8DF840025FE0B /* Twitter */,
				9022881423E8DF850025FE0B /* TwitterTests */,
				9022881F23E8DF850025FE0B /* TwitterUITests */,
				902287FC23E8DF840025FE0B /* Products */,
			);
			sourceTree = "<group>";
		};
		902287FC23E8DF840025FE0B /* Products */ = {
			isa = PBXGroup;
			children = (
				902287FB23E8DF840025FE0B /* Twitter.app */,
				9022881123E8DF850025FE0B /* TwitterTests.xctest */,
				9022881C23E8DF850025FE0B /* TwitterUITests.xctest */,
			);
			name = Products;
			sourceTree = "<group>";
		};
		902287FD23E8DF840025FE0B /* Twitter */ = {
			isa = PBXGroup;
			children = (
				902287FE23E8DF840025FE0B /* AppDelegate.swift */,
				9022880023E8DF840025FE0B /* SceneDelegate.swift */,
				9022880223E8DF840025FE0B /* ViewController.swift */,
				9022880423E8DF840025FE0B /* Main.storyboard */,
				9022880723E8DF850025FE0B /* Assets.xcassets */,
				9022880923E8DF850025FE0B /* LaunchScreen.storyboard */,
				9022880C23E8DF850025FE0B /* Info.plist */,
			);
			path = Twitter;
			sourceTree = "<group>";
		};
		9022881423E8DF850025FE0B /* TwitterTests */ = {
			isa = PBXGroup;
			children = (
				9022881523E8DF850025FE0B /* TwitterTests.swift */,
				9022881723E8DF850025FE0B /* Info.plist */,
			);
			path = TwitterTests;
			sourceTree = "<group>";
		};
		9022881F23E8DF850025FE0B /* TwitterUITests */ = {
			isa = PBXGroup;
			children = (
				9022882023E8DF850025FE0B /* TwitterUITests.swift */,
				9022882223E8DF850025FE0B /* Info.plist */,
			);
			path = TwitterUITests;
			sourceTree = "<group>";
		};
/* End PBXGroup section */

/* Begin PBXNativeTarget section */
		902287FA23E8DF840025FE0B /* Twitter */ = {
			isa = PBXNativeTarget;
			buildConfigurationList = 9022882523E8DF850025FE0B /* Build configuration list for PBXNativeTarget "Twitter" */;
			buildPhases = (
				902287F723E8DF840025FE0B /* Sources */,
				902287F823E8DF840025FE0B /* Frameworks */,
				902287F923E8DF840025FE0B /* Resources */,
			);
			buildRules = (
			);
			dependencies = (
			);
			name = Twitter;
			productName = Twitter;
			productReference = 902287FB23E8DF840025FE0B /* Twitter.app */;
			productType = "com.apple.product-type.application";
		};
		9022881023E8DF850025FE0B /* TwitterTests */ = {
			isa = PBXNativeTarget;
			buildConfigurationList = 9022882823E8DF850025FE0B /* Build configuration list for PBXNativeTarget "TwitterTests" */;
			buildPhases = (
				9022880D23E8DF850025FE0B /* Sources */,
				9022880E23E8DF850025FE0B /* Frameworks */,
				9022880F23E8DF850025FE0B /* Resources */,
			);
			buildRules = (
			);
			dependencies = (
				9022881323E8DF850025FE0B /* PBXTargetDependency */,
			);
			name = TwitterTests;
			productName = TwitterTests;
			productReference = 9022881123E8DF850025FE0B /* TwitterTests.xctest */;
			productType = "com.apple.product-type.bundle.unit-test";
		};
		9022881B23E8DF850025FE0B /* TwitterUITests */ = {
			isa = PBXNativeTarget;
			buildConfigurationList = 9022882B23E8DF850025FE0B /* Build configuration list for PBXNativeTarget "TwitterUITests" */;
			buildPhases = (
				9022881823E8DF850025FE0B /* Sources */,
				9022881923E8DF850025FE0B /* Frameworks */,
				9022881A23E8DF850025FE0B /* Resources */,
			);
			buildRules = (
			);
			dependencies = (
				9022881E23E8DF850025FE0B /* PBXTargetDependency */,
			);
			name = TwitterUITests;
			productName = TwitterUITests;
			productReference = 9022881C23E8DF850025FE0B /* TwitterUITests.xctest */;
			productType = "com.apple.product-type.bundle.ui-testing";
		};
/* End PBXNativeTarget section */

/* Begin PBXProject section */
		902287F323E8DF840025FE0B /* Project object */ = {
			isa = PBXProject;
			attributes = {
				LastSwiftUpdateCheck = 1130;
				LastUpgradeCheck = 1130;
				ORGANIZATIONNAME = codepath;
				TargetAttributes = {
					902287FA23E8DF840025FE0B = {
						CreatedOnToolsVersion = 11.3.1;
					};
					9022881023E8DF850025FE0B = {
						CreatedOnToolsVersion = 11.3.1;
						TestTargetID = 902287FA23E8DF840025FE0B;
					};
					9022881B23E8DF850025FE0B = {
						CreatedOnToolsVersion = 11.3.1;
						TestTargetID = 902287FA23E8DF840025FE0B;
					};
				};
			};
			buildConfigurationList = 902287F623E8DF840025FE0B /* Build configuration list for PBXProject "Twitter" */;
			compatibilityVersion = "Xcode 9.3";
			developmentRegion = en;
			hasScannedForEncodings = 0;
			knownRegions = (
				en,
				Base,
			);
			mainGroup = 902287F223E8DF840025FE0B;
			productRefGroup = 902287FC23E8DF840025FE0B /* Products */;
			projectDirPath = "";
			projectRoot = "";
			targets = (
				902287FA23E8DF840025FE0B /* Twitter */,
				9022881023E8DF850025FE0B /* TwitterTests */,
				9022881B23E8DF850025FE0B /* TwitterUITests */,
			);
		};
/* End PBXProject section */

/* Begin PBXResourcesBuildPhase section */
		902287F923E8DF840025FE0B /* Resources */ = {
			isa = PBXResourcesBuildPhase;
			buildActionMask = 2147483647;
			files = (
				9022880B23E8DF850025FE0B /* LaunchScreen.storyboard in Resources */,
				9022880823E8DF850025FE0B /* Assets.xcassets in Resources */,
				9022880623E8DF840025FE0B /* Main.storyboard in Resources */,
			);
			runOnlyForDeploymentPostprocessing = 0;
		};
		9022880F23E8DF850025FE0B /* Resources */ = {
			isa = PBXResourcesBuildPhase;
			buildActionMask = 2147483647;
			files = (
			);
			runOnlyForDeploymentPostprocessing = 0;
		};
		9022881A23E8DF850025FE0B /* Resources */ = {
			isa = PBXResourcesBuildPhase;
			buildActionMask = 2147483647;
			files = (
			);
			runOnlyForDeploymentPostprocessing = 0;
		};
/* End PBXResourcesBuildPhase section */

/* Begin PBXSourcesBuildPhase section */
		902287F723E8DF840025FE0B /* Sources */ = {
			isa = PBXSourcesBuildPhase;
			buildActionMask = 2147483647;
			files = (
				9022880323E8DF840025FE0B /* ViewController.swift in Sources */,
				902287FF23E8DF840025FE0B /* AppDelegate.swift in Sources */,
				9022880123E8DF840025FE0B /* SceneDelegate.swift in Sources */,
			);
			runOnlyForDeploymentPostprocessing = 0;
		};
		9022880D23E8DF850025FE0B /* Sources */ = {
			isa = PBXSourcesBuildPhase;
			buildActionMask = 2147483647;
			files = (
				9022881623E8DF850025FE0B /* TwitterTests.swift in Sources */,
			);
			runOnlyForDeploymentPostprocessing = 0;
		};
		9022881823E8DF850025FE0B /* Sources */ = {
			isa = PBXSourcesBuildPhase;
			buildActionMask = 2147483647;
			files = (
				9022882123E8DF850025FE0B /* TwitterUITests.swift in Sources */,
			);
			runOnlyForDeploymentPostprocessing = 0;
		};
/* End PBXSourcesBuildPhase section */

/* Begin PBXTargetDependency section */
		9022881323E8DF850025FE0B /* PBXTargetDependency */ = {
			isa = PBXTargetDependency;
			target = 902287FA23E8DF840025FE0B /* Twitter */;
			targetProxy = 9022881223E8DF850025FE0B /* PBXContainerItemProxy */;
		};
		9022881E23E8DF850025FE0B /* PBXTargetDependency */ = {
			isa = PBXTargetDependency;
			target = 902287FA23E8DF840025FE0B /* Twitter */;
			targetProxy = 9022881D23E8DF850025FE0B /* PBXContainerItemProxy */;
		};
/* End PBXTargetDependency section */

/* Begin PBXVariantGroup section */
		9022880423E8DF840025FE0B /* Main.storyboard */ = {
			isa = PBXVariantGroup;
			children = (
				9022880523E8DF840025FE0B /* Base */,
			);
			name = Main.storyboard;
			sourceTree = "<group>";
		};
		9022880923E8DF850025FE0B /* LaunchScreen.storyboard */ = {
			isa = PBXVariantGroup;
			children = (
				9022880A23E8DF850025FE0B /* Base */,
			);
			name = LaunchScreen.storyboard;
			sourceTree = "<group>";
		};
/* End PBXVariantGroup section */

/* Begin XCBuildConfiguration section */
		9022882323E8DF850025FE0B /* Debug */ = {
			isa = XCBuildConfiguration;
			buildSettings = {
				ALWAYS_SEARCH_USER_PATHS = NO;
				CLANG_ANALYZER_NONNULL = YES;
				CLANG_ANALYZER_NUMBER_OBJECT_CONVERSION = YES_AGGRESSIVE;
				CLANG_CXX_LANGUAGE_STANDARD = "gnu++14";
				CLANG_CXX_LIBRARY = "libc++";
				CLANG_ENABLE_MODULES = YES;
				CLANG_ENABLE_OBJC_ARC = YES;
				CLANG_ENABLE_OBJC_WEAK = YES;
				CLANG_WARN_BLOCK_CAPTURE_AUTORELEASING = YES;
				CLANG_WARN_BOOL_CONVERSION = YES;
				CLANG_WARN_COMMA = YES;
				CLANG_WARN_CONSTANT_CONVERSION = YES;
				CLANG_WARN_DEPRECATED_OBJC_IMPLEMENTATIONS = YES;
				CLANG_WARN_DIRECT_OBJC_ISA_USAGE = YES_ERROR;
				CLANG_WARN_DOCUMENTATION_COMMENTS = YES;
				CLANG_WARN_EMPTY_BODY = YES;
				CLANG_WARN_ENUM_CONVERSION = YES;
				CLANG_WARN_INFINITE_RECURSION = YES;
				CLANG_WARN_INT_CONVERSION = YES;
				CLANG_WARN_NON_LITERAL_NULL_CONVERSION = YES;
				CLANG_WARN_OBJC_IMPLICIT_RETAIN_SELF = YES;
				CLANG_WARN_OBJC_LITERAL_CONVERSION = YES;
				CLANG_WARN_OBJC_ROOT_CLASS = YES_ERROR;
				CLANG_WARN_RANGE_LOOP_ANALYSIS = YES;
				CLANG_WARN_STRICT_PROTOTYPES = YES;
				CLANG_WARN_SUSPICIOUS_MOVE = YES;
				CLANG_WARN_UNGUARDED_AVAILABILITY = YES_AGGRESSIVE;
				CLANG_WARN_UNREACHABLE_CODE = YES;
				CLANG_WARN__DUPLICATE_METHOD_MATCH = YES;
				COPY_PHASE_STRIP = NO;
				DEBUG_INFORMATION_FORMAT = dwarf;
				ENABLE_STRICT_OBJC_MSGSEND = YES;
				ENABLE_TESTABILITY = YES;
				GCC_C_LANGUAGE_STANDARD = gnu11;
				GCC_DYNAMIC_NO_PIC = NO;
				GCC_NO_COMMON_BLOCKS = YES;
				GCC_OPTIMIZATION_LEVEL = 0;
				GCC_PREPROCESSOR_DEFINITIONS = (
					"DEBUG=1",
					"$(inherited)",
				);
				GCC_WARN_64_TO_32_BIT_CONVERSION = YES;
				GCC_WARN_ABOUT_RETURN_TYPE = YES_ERROR;
				GCC_WARN_UNDECLARED_SELECTOR = YES;
				GCC_WARN_UNINITIALIZED_AUTOS = YES_AGGRESSIVE;
				GCC_WARN_UNUSED_FUNCTION = YES;
				GCC_WARN_UNUSED_VARIABLE = YES;
				IPHONEOS_DEPLOYMENT_TARGET = 13.2;
				MTL_ENABLE_DEBUG_INFO = INCLUDE_SOURCE;
				MTL_FAST_MATH = YES;
				ONLY_ACTIVE_ARCH = YES;
				SDKROOT = iphoneos;
				SWIFT_ACTIVE_COMPILATION_CONDITIONS = DEBUG;
				SWIFT_OPTIMIZATION_LEVEL = "-Onone";
			};
			name = Debug;
		};
		9022882423E8DF850025FE0B /* Release */ = {
			isa = XCBuildConfiguration;
			buildSettings = {
				ALWAYS_SEARCH_USER_PATHS = NO;
				CLANG_ANALYZER_NONNULL = YES;
				CLANG_ANALYZER_NUMBER_OBJECT_CONVERSION = YES_AGGRESSIVE;
				CLANG_CXX_LANGUAGE_STANDARD = "gnu++14";
				CLANG_CXX_LIBRARY = "libc++";
				CLANG_ENABLE_MODULES = YES;
				CLANG_ENABLE_OBJC_ARC = YES;
				CLANG_ENABLE_OBJC_WEAK = YES;
				CLANG_WARN_BLOCK_CAPTURE_AUTORELEASING = YES;
				CLANG_WARN_BOOL_CONVERSION = YES;
				CLANG_WARN_COMMA = YES;
				CLANG_WARN_CONSTANT_CONVERSION = YES;
				CLANG_WARN_DEPRECATED_OBJC_IMPLEMENTATIONS = YES;
				CLANG_WARN_DIRECT_OBJC_ISA_USAGE = YES_ERROR;
				CLANG_WARN_DOCUMENTATION_COMMENTS = YES;
				CLANG_WARN_EMPTY_BODY = YES;
				CLANG_WARN_ENUM_CONVERSION = YES;
				CLANG_WARN_INFINITE_RECURSION = YES;
				CLANG_WARN_INT_CONVERSION = YES;
				CLANG_WARN_NON_LITERAL_NULL_CONVERSION = YES;
				CLANG_WARN_OBJC_IMPLICIT_RETAIN_SELF = YES;
				CLANG_WARN_OBJC_LITERAL_CONVERSION = YES;
				CLANG_WARN_OBJC_ROOT_CLASS = YES_ERROR;
				CLANG_WARN_RANGE_LOOP_ANALYSIS = YES;
				CLANG_WARN_STRICT_PROTOTYPES = YES;
				CLANG_WARN_SUSPICIOUS_MOVE = YES;
				CLANG_WARN_UNGUARDED_AVAILABILITY = YES_AGGRESSIVE;
				CLANG_WARN_UNREACHABLE_CODE = YES;
				CLANG_WARN__DUPLICATE_METHOD_MATCH = YES;
				COPY_PHASE_STRIP = NO;
				DEBUG_INFORMATION_FORMAT = "dwarf-with-dsym";
				ENABLE_NS_ASSERTIONS = NO;
				ENABLE_STRICT_OBJC_MSGSEND = YES;
				GCC_C_LANGUAGE_STANDARD = gnu11;
				GCC_NO_COMMON_BLOCKS = YES;
				GCC_WARN_64_TO_32_BIT_CONVERSION = YES;
				GCC_WARN_ABOUT_RETURN_TYPE = YES_ERROR;
				GCC_WARN_UNDECLARED_SELECTOR = YES;
				GCC_WARN_UNINITIALIZED_AUTOS = YES_AGGRESSIVE;
				GCC_WARN_UNUSED_FUNCTION = YES;
				GCC_WARN_UNUSED_VARIABLE = YES;
				IPHONEOS_DEPLOYMENT_TARGET = 13.2;
				MTL_ENABLE_DEBUG_INFO = NO;
				MTL_FAST_MATH = YES;
				SDKROOT = iphoneos;
				SWIFT_COMPILATION_MODE = wholemodule;
				SWIFT_OPTIMIZATION_LEVEL = "-O";
				VALIDATE_PRODUCT = YES;
			};
			name = Release;
		};
		9022882623E8DF850025FE0B /* Debug */ = {
			isa = XCBuildConfiguration;
			buildSettings = {
				ASSETCATALOG_COMPILER_APPICON_NAME = AppIcon;
				CODE_SIGN_STYLE = Automatic;
				DEVELOPMENT_TEAM = 34ZF7PZU7N;
				INFOPLIST_FILE = Twitter/Info.plist;
				LD_RUNPATH_SEARCH_PATHS = (
					"$(inherited)",
					"@executable_path/Frameworks",
				);
				PRODUCT_BUNDLE_IDENTIFIER = com.codepath.Twitter;
				PRODUCT_NAME = "$(TARGET_NAME)";
				SWIFT_VERSION = 5.0;
				TARGETED_DEVICE_FAMILY = "1,2";
			};
			name = Debug;
		};
		9022882723E8DF850025FE0B /* Release */ = {
			isa = XCBuildConfiguration;
			buildSettings = {
				ASSETCATALOG_COMPILER_APPICON_NAME = AppIcon;
				CODE_SIGN_STYLE = Automatic;
				DEVELOPMENT_TEAM = 34ZF7PZU7N;
				INFOPLIST_FILE = Twitter/Info.plist;
				LD_RUNPATH_SEARCH_PATHS = (
					"$(inherited)",
					"@executable_path/Frameworks",
				);
				PRODUCT_BUNDLE_IDENTIFIER = com.codepath.Twitter;
				PRODUCT_NAME = "$(TARGET_NAME)";
				SWIFT_VERSION = 5.0;
				TARGETED_DEVICE_FAMILY = "1,2";
			};
			name = Release;
		};
		9022882923E8DF850025FE0B /* Debug */ = {
			isa = XCBuildConfiguration;
			buildSettings = {
				ALWAYS_EMBED_SWIFT_STANDARD_LIBRARIES = YES;
				BUNDLE_LOADER = "$(TEST_HOST)";
				CODE_SIGN_STYLE = Automatic;
				DEVELOPMENT_TEAM = 34ZF7PZU7N;
				INFOPLIST_FILE = TwitterTests/Info.plist;
				IPHONEOS_DEPLOYMENT_TARGET = 13.2;
				LD_RUNPATH_SEARCH_PATHS = (
					"$(inherited)",
					"@executable_path/Frameworks",
					"@loader_path/Frameworks",
				);
				PRODUCT_BUNDLE_IDENTIFIER = com.codepath.TwitterTests;
				PRODUCT_NAME = "$(TARGET_NAME)";
				SWIFT_VERSION = 5.0;
				TARGETED_DEVICE_FAMILY = "1,2";
				TEST_HOST = "$(BUILT_PRODUCTS_DIR)/Twitter.app/Twitter";
			};
			name = Debug;
		};
		9022882A23E8DF850025FE0B /* Release */ = {
			isa = XCBuildConfiguration;
			buildSettings = {
				ALWAYS_EMBED_SWIFT_STANDARD_LIBRARIES = YES;
				BUNDLE_LOADER = "$(TEST_HOST)";
				CODE_SIGN_STYLE = Automatic;
				DEVELOPMENT_TEAM = 34ZF7PZU7N;
				INFOPLIST_FILE = TwitterTests/Info.plist;
				IPHONEOS_DEPLOYMENT_TARGET = 13.2;
				LD_RUNPATH_SEARCH_PATHS = (
					"$(inherited)",
					"@executable_path/Frameworks",
					"@loader_path/Frameworks",
				);
				PRODUCT_BUNDLE_IDENTIFIER = com.codepath.TwitterTests;
				PRODUCT_NAME = "$(TARGET_NAME)";
				SWIFT_VERSION = 5.0;
				TARGETED_DEVICE_FAMILY = "1,2";
				TEST_HOST = "$(BUILT_PRODUCTS_DIR)/Twitter.app/Twitter";
			};
			name = Release;
		};
		9022882C23E8DF850025FE0B /* Debug */ = {
			isa = XCBuildConfiguration;
			buildSettings = {
				ALWAYS_EMBED_SWIFT_STANDARD_LIBRARIES = YES;
				CODE_SIGN_STYLE = Automatic;
				DEVELOPMENT_TEAM = 34ZF7PZU7N;
				INFOPLIST_FILE = TwitterUITests/Info.plist;
				LD_RUNPATH_SEARCH_PATHS = (
					"$(inherited)",
					"@executable_path/Frameworks",
					"@loader_path/Frameworks",
				);
				PRODUCT_BUNDLE_IDENTIFIER = com.codepath.TwitterUITests;
				PRODUCT_NAME = "$(TARGET_NAME)";
				SWIFT_VERSION = 5.0;
				TARGETED_DEVICE_FAMILY = "1,2";
				TEST_TARGET_NAME = Twitter;
			};
			name = Debug;
		};
		9022882D23E8DF850025FE0B /* Release */ = {
			isa = XCBuildConfiguration;
			buildSettings = {
				ALWAYS_EMBED_SWIFT_STANDARD_LIBRARIES = YES;
				CODE_SIGN_STYLE = Automatic;
				DEVELOPMENT_TEAM = 34ZF7PZU7N;
				INFOPLIST_FILE = TwitterUITests/Info.plist;
				LD_RUNPATH_SEARCH_PATHS = (
					"$(inherited)",
					"@executable_path/Frameworks",
					"@loader_path/Frameworks",
				);
				PRODUCT_BUNDLE_IDENTIFIER = com.codepath.TwitterUITests;
				PRODUCT_NAME = "$(TARGET_NAME)";
				SWIFT_VERSION = 5.0;
				TARGETED_DEVICE_FAMILY = "1,2";
				TEST_TARGET_NAME = Twitter;
			};
			name = Release;
		};
/* End XCBuildConfiguration section */

/* Begin XCConfigurationList section */
		902287F623E8DF840025FE0B /* Build configuration list for PBXProject "Twitter" */ = {
			isa = XCConfigurationList;
			buildConfigurations = (
				9022882323E8DF850025FE0B /* Debug */,
				9022882423E8DF850025FE0B /* Release */,
			);
			defaultConfigurationIsVisible = 0;
			defaultConfigurationName = Release;
		};
		9022882523E8DF850025FE0B /* Build configuration list for PBXNativeTarget "Twitter" */ = {
			isa = XCConfigurationList;
			buildConfigurations = (
				9022882623E8DF850025FE0B /* Debug */,
				9022882723E8DF850025FE0B /* Release */,
			);
			defaultConfigurationIsVisible = 0;
			defaultConfigurationName = Release;
		};
		9022882823E8DF850025FE0B /* Build configuration list for PBXNativeTarget "TwitterTests" */ = {
			isa = XCConfigurationList;
			buildConfigurations = (
				9022882923E8DF850025FE0B /* Debug */,
				9022882A23E8DF850025FE0B /* Release */,
			);
			defaultConfigurationIsVisible = 0;
			defaultConfigurationName = Release;
		};
		9022882B23E8DF850025FE0B /* Build configuration list for PBXNativeTarget "TwitterUITests" */ = {
			isa = XCConfigurationList;
			buildConfigurations = (
				9022882C23E8DF850025FE0B /* Debug */,
				9022882D23E8DF850025FE0B /* Release */,
			);
			defaultConfigurationIsVisible = 0;
			defaultConfigurationName = Release;
		};
/* End XCConfigurationList section */
	};
	rootObject = 902287F323E8DF840025FE0B /* Project object */;
}
